
Microsoft Visual Studio Solution File, Format Version 11.00
# Visual Studio 2010
Project("{FAE04EC0-301F-11D3-BF4B-00C04F79EFBC}") = "ScrabbleExample", "ScrabbleExample\ScrabbleExample.csproj", "{E624AA82-E8EC-42BB-BA37-B1A63915C25F}"
EndProject
Global
	GlobalSection(SolutionConfigurationPlatforms) = preSolution
		Debug|x86 = Debug|x86
		Release|x86 = Release|x86
	EndGlobalSection
	GlobalSection(ProjectConfigurationPlatforms) = postSolution
		{E624AA82-E8EC-42BB-BA37-B1A63915C25F}.Debug|x86.ActiveCfg = Debug|x86
		{E624AA82-E8EC-42BB-BA37-B1A63915C25F}.Debug|x86.Build.0 = Debug|x86
		{E624AA82-E8EC-42BB-BA37-B1A63915C25F}.Release|x86.ActiveCfg = Release|x86
		{E624AA82-E8EC-42BB-BA37-B1A63915C25F}.Release|x86.Build.0 = Release|x86
	EndGlobalSection
	GlobalSection(SolutionProperties) = preSolution
		HideSolutionNode = FALSE
	EndGlobalSection
EndGlobal
